
Microsoft Visual Studio Solution File, Format Version 10.00
# Visual Studio 2008
Project("{FAE04EC0-301F-11D3-BF4B-00C04F79EFBC}") = "More.Test", "Test\More.Test.csproj", "{8A66267F-EA94-4EDC-99DE-53C7613902D2}"
EndProject
Project("{FAE04EC0-301F-11D3-BF4B-00C04F79EFBC}") = "More.Net", "Net\More.Net.csproj", "{40C821C1-E019-46D1-9365-8AD5F5925ADE}"
EndProject
Project("{FAE04EC0-301F-11D3-BF4B-00C04F79EFBC}") = "More.Core", "Core\More.Core.csproj", "{DA7E67C2-CE13-43B3-9F03-F7BFAC405E62}"
EndProject
Project("{FAE04EC0-301F-11D3-BF4B-00C04F79EFBC}") = "More.Net.Dns", "Net\Dns\More.Net.Dns.csproj", "{B8EE685A-137B-47B1-A972-BFB09AA2D486}"
EndProject
Project("{FAE04EC0-301F-11D3-BF4B-00C04F79EFBC}") = "More.Utf8", "Utf8\More.Utf8.csproj", "{B63942C3-9666-41FD-907A-26B9BABD29EA}"
EndProject
Project("{FAE04EC0-301F-11D3-BF4B-00C04F79EFBC}") = "More", "Merged\More.csproj", "{3DBF8FC2-8F7C-4635-BF4C-AC130C2D00F4}"
EndProject
Project("{FAE04EC0-301F-11D3-BF4B-00C04F79EFBC}") = "More.Miscellaneous", "Miscellaneous\More.Miscellaneous.csproj", "{1226B927-2F12-4788-89CC-6CD5E3C33DE8}"
EndProject
Project("{FAE04EC0-301F-11D3-BF4B-00C04F79EFBC}") = "More.Sos", "Sos\More.Sos.csproj", "{7BEF81B1-4442-451F-B20E-1A9AB0B25A51}"
EndProject
Project("{FAE04EC0-301F-11D3-BF4B-00C04F79EFBC}") = "More.Utf8.Json", "Utf8\Json\More.Utf8.Json.csproj", "{F84CED4A-C8AB-4325-87C0-8587E9D73162}"
EndProject
Project("{FAE04EC0-301F-11D3-BF4B-00C04F79EFBC}") = "More.Reflection", "Reflection\More.Reflection.csproj", "{7F839F8F-0BEC-41F8-8ACE-DC2E382FD172}"
EndProject
Project("{FAE04EC0-301F-11D3-BF4B-00C04F79EFBC}") = "More.Serialization", "Serialization\More.Serialization.csproj", "{88353C67-982B-419E-B7EF-07C832910911}"
EndProject
Project("{FAE04EC0-301F-11D3-BF4B-00C04F79EFBC}") = "More.Net.Http", "Net\Http\More.Net.Http.csproj", "{E9BAA1BA-D797-417F-8C78-74BCBEC55262}"
EndProject
Project("{FAE04EC0-301F-11D3-BF4B-00C04F79EFBC}") = "More.ByteString", "ByteString\More.ByteString.csproj", "{E623347B-D9F9-49D1-ABD4-CCF5ED95C576}"
EndProject
Project("{FAE04EC0-301F-11D3-BF4B-00C04F79EFBC}") = "More.Config", "Config\More.Config.csproj", "{7A299A33-5FE0-4550-92E8-B09E945C90F2}"
EndProject
Project("{FAE04EC0-301F-11D3-BF4B-00C04F79EFBC}") = "More.Lfd", "Lfd\More.Lfd.csproj", "{8B7A184F-DD24-4A1F-AE00-98F7EC74C42C}"
EndProject
Project("{2150E333-8FDC-42A3-9474-1A3956D46DE8}") = "Solution Items", "Solution Items", "{A522E159-835D-4CAA-98DB-3654DC1925E5}"
	ProjectSection(SolutionItems) = preProject
		More.vsmdi = More.vsmdi
	EndProjectSection
EndProject
Project("{FAE04EC0-301F-11D3-BF4B-00C04F79EFBC}") = "More.Digest", "Digest\More.Digest.csproj", "{EDFC3097-A326-47AA-BC79-ED217484BCF2}"
EndProject
Global
	GlobalSection(TestCaseManagementSettings) = postSolution
		CategoryFile = More.vsmdi
	EndGlobalSection
	GlobalSection(SolutionConfigurationPlatforms) = preSolution
		Debug|Any CPU = Debug|Any CPU
		Release|Any CPU = Release|Any CPU
	EndGlobalSection
	GlobalSection(ProjectConfigurationPlatforms) = postSolution
		{8A66267F-EA94-4EDC-99DE-53C7613902D2}.Debug|Any CPU.ActiveCfg = Debug|Any CPU
		{8A66267F-EA94-4EDC-99DE-53C7613902D2}.Debug|Any CPU.Build.0 = Debug|Any CPU
		{8A66267F-EA94-4EDC-99DE-53C7613902D2}.Release|Any CPU.ActiveCfg = Release|Any CPU
		{8A66267F-EA94-4EDC-99DE-53C7613902D2}.Release|Any CPU.Build.0 = Release|Any CPU
		{40C821C1-E019-46D1-9365-8AD5F5925ADE}.Debug|Any CPU.ActiveCfg = Debug|Any CPU
		{40C821C1-E019-46D1-9365-8AD5F5925ADE}.Debug|Any CPU.Build.0 = Debug|Any CPU
		{40C821C1-E019-46D1-9365-8AD5F5925ADE}.Release|Any CPU.ActiveCfg = Release|Any CPU
		{40C821C1-E019-46D1-9365-8AD5F5925ADE}.Release|Any CPU.Build.0 = Release|Any CPU
		{DA7E67C2-CE13-43B3-9F03-F7BFAC405E62}.Debug|Any CPU.ActiveCfg = Debug|Any CPU
		{DA7E67C2-CE13-43B3-9F03-F7BFAC405E62}.Debug|Any CPU.Build.0 = Debug|Any CPU
		{DA7E67C2-CE13-43B3-9F03-F7BFAC405E62}.Release|Any CPU.ActiveCfg = Release|Any CPU
		{DA7E67C2-CE13-43B3-9F03-F7BFAC405E62}.Release|Any CPU.Build.0 = Release|Any CPU
		{B8EE685A-137B-47B1-A972-BFB09AA2D486}.Debug|Any CPU.ActiveCfg = Debug|Any CPU
		{B8EE685A-137B-47B1-A972-BFB09AA2D486}.Debug|Any CPU.Build.0 = Debug|Any CPU
		{B8EE685A-137B-47B1-A972-BFB09AA2D486}.Release|Any CPU.ActiveCfg = Release|Any CPU
		{B8EE685A-137B-47B1-A972-BFB09AA2D486}.Release|Any CPU.Build.0 = Release|Any CPU
		{B63942C3-9666-41FD-907A-26B9BABD29EA}.Debug|Any CPU.ActiveCfg = Debug|Any CPU
		{B63942C3-9666-41FD-907A-26B9BABD29EA}.Debug|Any CPU.Build.0 = Debug|Any CPU
		{B63942C3-9666-41FD-907A-26B9BABD29EA}.Release|Any CPU.ActiveCfg = Release|Any CPU
		{B63942C3-9666-41FD-907A-26B9BABD29EA}.Release|Any CPU.Build.0 = Release|Any CPU
		{3DBF8FC2-8F7C-4635-BF4C-AC130C2D00F4}.Debug|Any CPU.ActiveCfg = Debug|Any CPU
		{3DBF8FC2-8F7C-4635-BF4C-AC130C2D00F4}.Debug|Any CPU.Build.0 = Debug|Any CPU
		{3DBF8FC2-8F7C-4635-BF4C-AC130C2D00F4}.Release|Any CPU.ActiveCfg = Release|Any CPU
		{3DBF8FC2-8F7C-4635-BF4C-AC130C2D00F4}.Release|Any CPU.Build.0 = Release|Any CPU
		{1226B927-2F12-4788-89CC-6CD5E3C33DE8}.Debug|Any CPU.ActiveCfg = Debug|Any CPU
		{1226B927-2F12-4788-89CC-6CD5E3C33DE8}.Debug|Any CPU.Build.0 = Debug|Any CPU
		{1226B927-2F12-4788-89CC-6CD5E3C33DE8}.Release|Any CPU.ActiveCfg = Release|Any CPU
		{1226B927-2F12-4788-89CC-6CD5E3C33DE8}.Release|Any CPU.Build.0 = Release|Any CPU
		{7BEF81B1-4442-451F-B20E-1A9AB0B25A51}.Debug|Any CPU.ActiveCfg = Debug|Any CPU
		{7BEF81B1-4442-451F-B20E-1A9AB0B25A51}.Debug|Any CPU.Build.0 = Debug|Any CPU
		{7BEF81B1-4442-451F-B20E-1A9AB0B25A51}.Release|Any CPU.ActiveCfg = Release|Any CPU
		{7BEF81B1-4442-451F-B20E-1A9AB0B25A51}.Release|Any CPU.Build.0 = Release|Any CPU
		{F84CED4A-C8AB-4325-87C0-8587E9D73162}.Debug|Any CPU.ActiveCfg = Debug|Any CPU
		{F84CED4A-C8AB-4325-87C0-8587E9D73162}.Debug|Any CPU.Build.0 = Debug|Any CPU
		{F84CED4A-C8AB-4325-87C0-8587E9D73162}.Release|Any CPU.ActiveCfg = Release|Any CPU
		{F84CED4A-C8AB-4325-87C0-8587E9D73162}.Release|Any CPU.Build.0 = Release|Any CPU
		{7F839F8F-0BEC-41F8-8ACE-DC2E382FD172}.Debug|Any CPU.ActiveCfg = Debug|Any CPU
		{7F839F8F-0BEC-41F8-8ACE-DC2E382FD172}.Debug|Any CPU.Build.0 = Debug|Any CPU
		{7F839F8F-0BEC-41F8-8ACE-DC2E382FD172}.Release|Any CPU.ActiveCfg = Release|Any CPU
		{7F839F8F-0BEC-41F8-8ACE-DC2E382FD172}.Release|Any CPU.Build.0 = Release|Any CPU
		{88353C67-982B-419E-B7EF-07C832910911}.Debug|Any CPU.ActiveCfg = Debug|Any CPU
		{88353C67-982B-419E-B7EF-07C832910911}.Debug|Any CPU.Build.0 = Debug|Any CPU
		{88353C67-982B-419E-B7EF-07C832910911}.Release|Any CPU.ActiveCfg = Release|Any CPU
		{88353C67-982B-419E-B7EF-07C832910911}.Release|Any CPU.Build.0 = Release|Any CPU
		{E9BAA1BA-D797-417F-8C78-74BCBEC55262}.Debug|Any CPU.ActiveCfg = Debug|Any CPU
		{E9BAA1BA-D797-417F-8C78-74BCBEC55262}.Debug|Any CPU.Build.0 = Debug|Any CPU
		{E9BAA1BA-D797-417F-8C78-74BCBEC55262}.Release|Any CPU.ActiveCfg = Release|Any CPU
		{E9BAA1BA-D797-417F-8C78-74BCBEC55262}.Release|Any CPU.Build.0 = Release|Any CPU
		{E623347B-D9F9-49D1-ABD4-CCF5ED95C576}.Debug|Any CPU.ActiveCfg = Debug|Any CPU
		{E623347B-D9F9-49D1-ABD4-CCF5ED95C576}.Debug|Any CPU.Build.0 = Debug|Any CPU
		{E623347B-D9F9-49D1-ABD4-CCF5ED95C576}.Release|Any CPU.ActiveCfg = Release|Any CPU
		{E623347B-D9F9-49D1-ABD4-CCF5ED95C576}.Release|Any CPU.Build.0 = Release|Any CPU
		{7A299A33-5FE0-4550-92E8-B09E945C90F2}.Debug|Any CPU.ActiveCfg = Debug|Any CPU
		{7A299A33-5FE0-4550-92E8-B09E945C90F2}.Debug|Any CPU.Build.0 = Debug|Any CPU
		{7A299A33-5FE0-4550-92E8-B09E945C90F2}.Release|Any CPU.ActiveCfg = Release|Any CPU
		{7A299A33-5FE0-4550-92E8-B09E945C90F2}.Release|Any CPU.Build.0 = Release|Any CPU
		{8B7A184F-DD24-4A1F-AE00-98F7EC74C42C}.Debug|Any CPU.ActiveCfg = Debug|Any CPU
		{8B7A184F-DD24-4A1F-AE00-98F7EC74C42C}.Debug|Any CPU.Build.0 = Debug|Any CPU
		{8B7A184F-DD24-4A1F-AE00-98F7EC74C42C}.Release|Any CPU.ActiveCfg = Release|Any CPU
		{8B7A184F-DD24-4A1F-AE00-98F7EC74C42C}.Release|Any CPU.Build.0 = Release|Any CPU
		{EDFC3097-A326-47AA-BC79-ED217484BCF2}.Debug|Any CPU.ActiveCfg = Debug|Any CPU
		{EDFC3097-A326-47AA-BC79-ED217484BCF2}.Debug|Any CPU.Build.0 = Debug|Any CPU
		{EDFC3097-A326-47AA-BC79-ED217484BCF2}.Release|Any CPU.ActiveCfg = Release|Any CPU
		{EDFC3097-A326-47AA-BC79-ED217484BCF2}.Release|Any CPU.Build.0 = Release|Any CPU
	EndGlobalSection
	GlobalSection(SolutionProperties) = preSolution
		HideSolutionNode = FALSE
	EndGlobalSection
EndGlobal
